Microsoft Visual Studio Solution File, Format Version 12.00
# Visual Studio Version 17
VisualStudioVersion = 17.0.31611.283
MinimumVisualStudioVersion = 10.0.40219.1
Project("{9A19103F-16F7-4668-BE54-9A1E7A4F7556}") = "DotNetConf21.MAUI2", "MauiApp7\DotNetConf21.MAUI2.csproj", "{EFD83AE7-51A2-4A43-8450-DD8741C7EDBD}"
EndProject
Project("{9A19103F-16F7-4668-BE54-9A1E7A4F7556}") = "DotNetConf21.Blazor", "..\DotNetConf21\DotNetConf21.Blazor\DotNetConf21.Blazor.csproj", "{49BCE64D-7CEA-42BC-983A-CC2AA6264808}"
EndProject
Project("{9A19103F-16F7-4668-BE54-9A1E7A4F7556}") = "DotNetConf21.MVC", "..\DotNetConf21\DotNetConf21.MVC\DotNetConf21.MVC.csproj", "{7DB2185C-B175-4432-B87A-2F9B821BBCE1}"
EndProject
Project("{9A19103F-16F7-4668-BE54-9A1E7A4F7556}") = "DotNetConf21.MAUI", "..\DotNetConf21\DotNetConf21.MAUI\DotNetConf21.MAUI.csproj", "{1D343C41-8DFA-4FE4-99AA-35D93045853F}"
EndProject
Global
	GlobalSection(SolutionConfigurationPlatforms) = preSolution
		Debug|Any CPU = Debug|Any CPU
		Debug|ARM = Debug|ARM
		Debug|ARM64 = Debug|ARM64
		Debug|x64 = Debug|x64
		Debug|x86 = Debug|x86
		Release|Any CPU = Release|Any CPU
		Release|ARM = Release|ARM
		Release|ARM64 = Release|ARM64
		Release|x64 = Release|x64
		Release|x86 = Release|x86
	EndGlobalSection
	GlobalSection(ProjectConfigurationPlatforms) = postSolution
		{EFD83AE7-51A2-4A43-8450-DD8741C7EDBD}.Debug|Any CPU.ActiveCfg = Debug|Any CPU
		{EFD83AE7-51A2-4A43-8450-DD8741C7EDBD}.Debug|Any CPU.Build.0 = Debug|Any CPU
		{EFD83AE7-51A2-4A43-8450-DD8741C7EDBD}.Debug|Any CPU.Deploy.0 = Debug|Any CPU
		{EFD83AE7-51A2-4A43-8450-DD8741C7EDBD}.Debug|ARM.ActiveCfg = Debug|Any CPU
		{EFD83AE7-51A2-4A43-8450-DD8741C7EDBD}.Debug|ARM.Build.0 = Debug|Any CPU
		{EFD83AE7-51A2-4A43-8450-DD8741C7EDBD}.Debug|ARM.Deploy.0 = Debug|Any CPU
		{EFD83AE7-51A2-4A43-8450-DD8741C7EDBD}.Debug|ARM64.ActiveCfg = Debug|Any CPU
		{EFD83AE7-51A2-4A43-8450-DD8741C7EDBD}.Debug|ARM64.Build.0 = Debug|Any CPU
		{EFD83AE7-51A2-4A43-8450-DD8741C7EDBD}.Debug|ARM64.Deploy.0 = Debug|Any CPU
		{EFD83AE7-51A2-4A43-8450-DD8741C7EDBD}.Debug|x64.ActiveCfg = Debug|Any CPU
		{EFD83AE7-51A2-4A43-8450-DD8741C7EDBD}.Debug|x64.Build.0 = Debug|Any CPU
		{EFD83AE7-51A2-4A43-8450-DD8741C7EDBD}.Debug|x64.Deploy.0 = Debug|Any CPU
		{EFD83AE7-51A2-4A43-8450-DD8741C7EDBD}.Debug|x86.ActiveCfg = Debug|Any CPU
		{EFD83AE7-51A2-4A43-8450-DD8741C7EDBD}.Debug|x86.Build.0 = Debug|Any CPU
		{EFD83AE7-51A2-4A43-8450-DD8741C7EDBD}.Debug|x86.Deploy.0 = Debug|Any CPU
		{EFD83AE7-51A2-4A43-8450-DD8741C7EDBD}.Release|Any CPU.ActiveCfg = Release|Any CPU
		{EFD83AE7-51A2-4A43-8450-DD8741C7EDBD}.Release|Any CPU.Build.0 = Release|Any CPU
		{EFD83AE7-51A2-4A43-8450-DD8741C7EDBD}.Release|Any CPU.Deploy.0 = Release|Any CPU
		{EFD83AE7-51A2-4A43-8450-DD8741C7EDBD}.Release|ARM.ActiveCfg = Release|Any CPU
		{EFD83AE7-51A2-4A43-8450-DD8741C7EDBD}.Release|ARM.Build.0 = Release|Any CPU
		{EFD83AE7-51A2-4A43-8450-DD8741C7EDBD}.Release|ARM.Deploy.0 = Release|Any CPU
		{EFD83AE7-51A2-4A43-8450-DD8741C7EDBD}.Release|ARM64.ActiveCfg = Release|Any CPU
		{EFD83AE7-51A2-4A43-8450-DD8741C7EDBD}.Release|ARM64.Build.0 = Release|Any CPU
		{EFD83AE7-51A2-4A43-8450-DD8741C7EDBD}.Release|ARM64.Deploy.0 = Release|Any CPU
		{EFD83AE7-51A2-4A43-8450-DD8741C7EDBD}.Release|x64.ActiveCfg = Release|Any CPU
		{EFD83AE7-51A2-4A43-8450-DD8741C7EDBD}.Release|x64.Build.0 = Release|Any CPU
		{EFD83AE7-51A2-4A43-8450-DD8741C7EDBD}.Release|x64.Deploy.0 = Release|Any CPU
		{EFD83AE7-51A2-4A43-8450-DD8741C7EDBD}.Release|x86.ActiveCfg = Release|Any CPU
		{EFD83AE7-51A2-4A43-8450-DD8741C7EDBD}.Release|x86.Build.0 = Release|Any CPU
		{EFD83AE7-51A2-4A43-8450-DD8741C7EDBD}.Release|x86.Deploy.0 = Release|Any CPU
		{49BCE64D-7CEA-42BC-983A-CC2AA6264808}.Debug|Any CPU.ActiveCfg = Debug|Any CPU
		{49BCE64D-7CEA-42BC-983A-CC2AA6264808}.Debug|Any CPU.Build.0 = Debug|Any CPU
		{49BCE64D-7CEA-42BC-983A-CC2AA6264808}.Debug|ARM.ActiveCfg = Debug|Any CPU
		{49BCE64D-7CEA-42BC-983A-CC2AA6264808}.Debug|ARM.Build.0 = Debug|Any CPU
		{49BCE64D-7CEA-42BC-983A-CC2AA6264808}.Debug|ARM64.ActiveCfg = Debug|Any CPU
		{49BCE64D-7CEA-42BC-983A-CC2AA6264808}.Debug|ARM64.Build.0 = Debug|Any CPU
		{49BCE64D-7CEA-42BC-983A-CC2AA6264808}.Debug|x64.ActiveCfg = Debug|Any CPU
		{49BCE64D-7CEA-42BC-983A-CC2AA6264808}.Debug|x64.Build.0 = Debug|Any CPU
		{49BCE64D-7CEA-42BC-983A-CC2AA6264808}.Debug|x86.ActiveCfg = Debug|Any CPU
		{49BCE64D-7CEA-42BC-983A-CC2AA6264808}.Debug|x86.Build.0 = Debug|Any CPU
		{49BCE64D-7CEA-42BC-983A-CC2AA6264808}.Release|Any CPU.ActiveCfg = Release|Any CPU
		{49BCE64D-7CEA-42BC-983A-CC2AA6264808}.Release|Any CPU.Build.0 = Release|Any CPU
		{49BCE64D-7CEA-42BC-983A-CC2AA6264808}.Release|ARM.ActiveCfg = Release|Any CPU
		{49BCE64D-7CEA-42BC-983A-CC2AA6264808}.Release|ARM.Build.0 = Release|Any CPU
		{49BCE64D-7CEA-42BC-983A-CC2AA6264808}.Release|ARM64.ActiveCfg = Release|Any CPU
		{49BCE64D-7CEA-42BC-983A-CC2AA6264808}.Release|ARM64.Build.0 = Release|Any CPU
		{49BCE64D-7CEA-42BC-983A-CC2AA6264808}.Release|x64.ActiveCfg = Release|Any CPU
		{49BCE64D-7CEA-42BC-983A-CC2AA6264808}.Release|x64.Build.0 = Release|Any CPU
		{49BCE64D-7CEA-42BC-983A-CC2AA6264808}.Release|x86.ActiveCfg = Release|Any CPU
		{49BCE64D-7CEA-42BC-983A-CC2AA6264808}.Release|x86.Build.0 = Release|Any CPU
		{7DB2185C-B175-4432-B87A-2F9B821BBCE1}.Debug|Any CPU.ActiveCfg = Debug|Any CPU
		{7DB2185C-B175-4432-B87A-2F9B821BBCE1}.Debug|Any CPU.Build.0 = Debug|Any CPU
		{7DB2185C-B175-4432-B87A-2F9B821BBCE1}.Debug|ARM.ActiveCfg = Debug|Any CPU
		{7DB2185C-B175-4432-B87A-2F9B821BBCE1}.Debug|ARM.Build.0 = Debug|Any CPU
		{7DB2185C-B175-4432-B87A-2F9B821BBCE1}.Debug|ARM64.ActiveCfg = Debug|Any CPU
		{7DB2185C-B175-4432-B87A-2F9B821BBCE1}.Debug|ARM64.Build.0 = Debug|Any CPU
		{7DB2185C-B175-4432-B87A-2F9B821BBCE1}.Debug|x64.ActiveCfg = Debug|Any CPU
		{7DB2185C-B175-4432-B87A-2F9B821BBCE1}.Debug|x64.Build.0 = Debug|Any CPU
		{7DB2185C-B175-4432-B87A-2F9B821BBCE1}.Debug|x86.ActiveCfg = Debug|Any CPU
		{7DB2185C-B175-4432-B87A-2F9B821BBCE1}.Debug|x86.Build.0 = Debug|Any CPU
		{7DB2185C-B175-4432-B87A-2F9B821BBCE1}.Release|Any CPU.ActiveCfg = Release|Any CPU
		{7DB2185C-B175-4432-B87A-2F9B821BBCE1}.Release|Any CPU.Build.0 = Release|Any CPU
		{7DB2185C-B175-4432-B87A-2F9B821BBCE1}.Release|ARM.ActiveCfg = Release|Any CPU
		{7DB2185C-B175-4432-B87A-2F9B821BBCE1}.Release|ARM.Build.0 = Release|Any CPU
		{7DB2185C-B175-4432-B87A-2F9B821BBCE1}.Release|ARM64.ActiveCfg = Release|Any CPU
		{7DB2185C-B175-4432-B87A-2F9B821BBCE1}.Release|ARM64.Build.0 = Release|Any CPU
		{7DB2185C-B175-4432-B87A-2F9B821BBCE1}.Release|x64.ActiveCfg = Release|Any CPU
		{7DB2185C-B175-4432-B87A-2F9B821BBCE1}.Release|x64.Build.0 = Release|Any CPU
		{7DB2185C-B175-4432-B87A-2F9B821BBCE1}.Release|x86.ActiveCfg = Release|Any CPU
		{7DB2185C-B175-4432-B87A-2F9B821BBCE1}.Release|x86.Build.0 = Release|Any CPU
		{1D343C41-8DFA-4FE4-99AA-35D93045853F}.Debug|Any CPU.ActiveCfg = Debug|Any CPU
		{1D343C41-8DFA-4FE4-99AA-35D93045853F}.Debug|Any CPU.Build.0 = Debug|Any CPU
		{1D343C41-8DFA-4FE4-99AA-35D93045853F}.Debug|Any CPU.Deploy.0 = Debug|Any CPU
		{1D343C41-8DFA-4FE4-99AA-35D93045853F}.Debug|ARM.ActiveCfg = Debug|Any CPU
		{1D343C41-8DFA-4FE4-99AA-35D93045853F}.Debug|ARM.Build.0 = Debug|Any CPU
		{1D343C41-8DFA-4FE4-99AA-35D93045853F}.Debug|ARM.Deploy.0 = Debug|Any CPU
		{1D343C41-8DFA-4FE4-99AA-35D93045853F}.Debug|ARM64.ActiveCfg = Debug|Any CPU
		{1D343C41-8DFA-4FE4-99AA-35D93045853F}.Debug|ARM64.Build.0 = Debug|Any CPU
		{1D343C41-8DFA-4FE4-99AA-35D93045853F}.Debug|ARM64.Deploy.0 = Debug|Any CPU
		{1D343C41-8DFA-4FE4-99AA-35D93045853F}.Debug|x64.ActiveCfg = Debug|Any CPU
		{1D343C41-8DFA-4FE4-99AA-35D93045853F}.Debug|x64.Build.0 = Debug|Any CPU
		{1D343C41-8DFA-4FE4-99AA-35D93045853F}.Debug|x64.Deploy.0 = Debug|Any CPU
		{1D343C41-8DFA-4FE4-99AA-35D93045853F}.Debug|x86.ActiveCfg = Debug|Any CPU
		{1D343C41-8DFA-4FE4-99AA-35D93045853F}.Debug|x86.Build.0 = Debug|Any CPU
		{1D343C41-8DFA-4FE4-99AA-35D93045853F}.Debug|x86.Deploy.0 = Debug|Any CPU
		{1D343C41-8DFA-4FE4-99AA-35D93045853F}.Release|Any CPU.ActiveCfg = Release|Any CPU
		{1D343C41-8DFA-4FE4-99AA-35D93045853F}.Release|Any CPU.Build.0 = Release|Any CPU
		{1D343C41-8DFA-4FE4-99AA-35D93045853F}.Release|Any CPU.Deploy.0 = Release|Any CPU
		{1D343C41-8DFA-4FE4-99AA-35D93045853F}.Release|ARM.ActiveCfg = Release|Any CPU
		{1D343C41-8DFA-4FE4-99AA-35D93045853F}.Release|ARM.Build.0 = Release|Any CPU
		{1D343C41-8DFA-4FE4-99AA-35D93045853F}.Release|ARM.Deploy.0 = Release|Any CPU
		{1D343C41-8DFA-4FE4-99AA-35D93045853F}.Release|ARM64.ActiveCfg = Release|Any CPU
		{1D343C41-8DFA-4FE4-99AA-35D93045853F}.Release|ARM64.Build.0 = Release|Any CPU
		{1D343C41-8DFA-4FE4-99AA-35D93045853F}.Release|ARM64.Deploy.0 = Release|Any CPU
		{1D343C41-8DFA-4FE4-99AA-35D93045853F}.Release|x64.ActiveCfg = Release|Any CPU
		{1D343C41-8DFA-4FE4-99AA-35D93045853F}.Release|x64.Build.0 = Release|Any CPU
		{1D343C41-8DFA-4FE4-99AA-35D93045853F}.Release|x64.Deploy.0 = Release|Any CPU
		{1D343C41-8DFA-4FE4-99AA-35D93045853F}.Release|x86.ActiveCfg = Release|Any CPU
		{1D343C41-8DFA-4FE4-99AA-35D93045853F}.Release|x86.Build.0 = Release|Any CPU
		{1D343C41-8DFA-4FE4-99AA-35D93045853F}.Release|x86.Deploy.0 = Release|Any CPU
	EndGlobalSection
	GlobalSection(SolutionProperties) = preSolution
		HideSolutionNode = FALSE
	EndGlobalSection
	GlobalSection(ExtensibilityGlobals) = postSolution
		SolutionGuid = {61F7FB11-1E47-470C-91E2-47F8143E1572}
	EndGlobalSection
EndGlobal
